<?xml version="1.0" encoding="utf-8"?>
<Project ToolsVersion="4.0" xmlns="http://schemas.microsoft.com/developer/msbuild/2003">
  <ItemGroup>
    <Filter Include="Source Files">
      <UniqueIdentifier>{32fa2707-0980-45f4-a4a3-ff3026142c26}</UniqueIdentifier>
      <Extensions>cpp;c;cxx;rc;def;r;odl;idl;hpj;bat</Extensions>
    </Filter>
    <Filter Include="Header Files">
      <UniqueIdentifier>{44951de1-d03d-40d1-bcc7-a9540ff00b1c}</UniqueIdentifier>
      <Extensions>h;hpp;hxx;hm;inl</Extensions>
    </Filter>
    <Filter Include="Resource Files">
      <UniqueIdentifier>{bbb74a6d-f7f8-4289-b9ac-e89068d37cb1}</UniqueIdentifier>
      <Extensions>ico;cur;bmp;dlg;rc2;rct;bin;rgs;gif;jpg;jpeg;jpe</Extensions>
    </Filter>
  </ItemGroup>
  <ItemGroup>
    <ClCompile Include="cgf_main.cpp">
      <Filter>Source Files</Filter>
    </ClCompile>
    <ClCompile Include="cgf_pipe.cpp">
      <Filter>Source Files</Filter>
    </ClCompile>
    <ClCompile Include="cgf_term.cpp">
      <Filter>Source Files</Filter>
    </ClCompile>
    <ClCompile Include="cgf_win.cpp">
      <Filter>Source Files</Filter>
    </ClCompile>
    <ClCompile Include="cgf_wsk.cpp">
      <Filter>Source Files</Filter>
    </ClCompile>
    <ClCompile Include="cgfgoban.cpp">
      <Filter>Source Files</Filter>
    </ClCompile>
  </ItemGroup>
  <ItemGroup>
    <ResourceCompile Include="cgfgoban.rc">
      <Filter>Source Files</Filter>
    </ResourceCompile>
  </ItemGroup>
  <ItemGroup>
    <ClInclude Include="cgf_pipe.h">
      <Filter>Header Files</Filter>
    </ClInclude>
  </ItemGroup>
  <ItemGroup>
    <Image Include="cgf1.ico">
      <Filter>Resource Files</Filter>
    </Image>
    <Image Include="cgf2.ico">
      <Filter>Resource Files</Filter>
    </Image>
    <Image Include="cgf3.ico">
      <Filter>Resource Files</Filter>
    </Image>
    <Image Include="cgf4.ico">
      <Filter>Resource Files</Filter>
    </Image>
    <Image Include="Toolbar.bmp">
      <Filter>Resource Files</Filter>
    </Image>
  </ItemGroup>
</Project>